<?xml version="1.0" encoding="utf-8"?>
<Project ToolsVersion="4.0" xmlns="http://schemas.microsoft.com/developer/msbuild/2003">
  <ItemGroup>
    <Filter Include="tests">
      <UniqueIdentifier>{6de69685-ddfd-412a-88cc-c68291101b26}</UniqueIdentifier>
    </Filter>
  </ItemGroup>
  <ItemGroup>
    <ClCompile Include="source\HeatmapServiceTests.cpp" />
    <ClCompile Include="source\tests\SignedIndexVectorTests.cpp">
      <Filter>tests</Filter>
    </ClCompile>
    <ClCompile Include="source\tests\SimpleHashmapTests.cpp">
      <Filter>tests</Filter>
    </ClCompile>
    <ClCompile Include="source\tests\HeatmapTests.cpp">
      <Filter>tests</Filter>
    </ClCompile>
    <ClCompile Include="source\tests\HeatmapStressTests.cpp">
      <Filter>tests</Filter>
    </ClCompile>
  </ItemGroup>
  <ItemGroup>
    <ClInclude Include="source\tests\SignedIndexVectorTests.h">
      <Filter>tests</Filter>
    </ClInclude>
    <ClInclude Include="source\tests\HeatmapTests.h">
      <Filter>tests</Filter>
    </ClInclude>
    <ClInclude Include="source\tests\SimpleHashmapTests.h">
      <Filter>tests</Filter>
    </ClInclude>
    <ClInclude Include="source\tests\HeatmapStressTests.h">
      <Filter>tests</Filter>
    </ClInclude>
  </ItemGroup>
</Project>