<?xml version="1.0" encoding="utf-8"?>
<Project ToolsVersion="4.0" xmlns="http://schemas.microsoft.com/developer/msbuild/2003">
  <ItemGroup>
    <Filter Include="heatmap_public">
      <UniqueIdentifier>{f9d54ef1-8ac2-44a6-b47b-cb5f8e58cd38}</UniqueIdentifier>
    </Filter>
    <Filter Include="heatmap_internal">
      <UniqueIdentifier>{147ec8c5-37a5-423a-a56a-c3bcd3315195}</UniqueIdentifier>
    </Filter>
    <Filter Include="custom_containers">
      <UniqueIdentifier>{a1fce7a3-506a-4b5a-aa1f-57bbb2591513}</UniqueIdentifier>
    </Filter>
  </ItemGroup>
  <ItemGroup>
    <ClCompile Include="source\heatmap_public\HeatmapService.cpp">
      <Filter>heatmap_public</Filter>
    </ClCompile>
    <ClCompile Include="source\heatmap_internal\CounterMap.cpp">
      <Filter>heatmap_internal</Filter>
    </ClCompile>
    <ClCompile Include="source\heatmap_internal\HeatmapPrivate.cpp">
      <Filter>heatmap_internal</Filter>
    </ClCompile>
  </ItemGroup>
  <ItemGroup>
    <ClInclude Include="source\heatmap_public\HeatmapService.h">
      <Filter>heatmap_public</Filter>
    </ClInclude>
    <ClInclude Include="source\heatmap_public\HeatmapServiceTypes.h">
      <Filter>heatmap_public</Filter>
    </ClInclude>
    <ClInclude Include="source\heatmap_internal\CounterMap.hpp">
      <Filter>heatmap_internal</Filter>
    </ClInclude>
    <ClInclude Include="source\heatmap_internal\HeatmapPrivate.h">
      <Filter>heatmap_internal</Filter>
    </ClInclude>
    <ClInclude Include="source\custom_containers\HashMap.hpp">
      <Filter>custom_containers</Filter>
    </ClInclude>
    <ClInclude Include="source\custom_containers\LinearSearchMap.hpp">
      <Filter>custom_containers</Filter>
    </ClInclude>
    <ClInclude Include="source\custom_containers\SignedIndexVector.hpp">
      <Filter>custom_containers</Filter>
    </ClInclude>
  </ItemGroup>
</Project>